
Microsoft Visual Studio Solution File, Format Version 12.00
# Visual Studio Version 17
VisualStudioVersion = 17.8.34408.163
MinimumVisualStudioVersion = 10.0.40219.1
Project("{8BC9CEB8-8B4A-11D0-8D11-00A0C91BC942}") = "Schmitt_Assignment_3", "Schmitt_Assignment_3.vcxproj", "{52DE7E4D-F356-409D-A7DC-F6261EF5B23A}"
EndProject
Global
	GlobalSection(SolutionConfigurationPlatforms) = preSolution
		Debug|x64 = Debug|x64
		Debug|x86 = Debug|x86
		Release|x64 = Release|x64
		Release|x86 = Release|x86
	EndGlobalSection
	GlobalSection(ProjectConfigurationPlatforms) = postSolution
		{52DE7E4D-F356-409D-A7DC-F6261EF5B23A}.Debug|x64.ActiveCfg = Debug|x64
		{52DE7E4D-F356-409D-A7DC-F6261EF5B23A}.Debug|x64.Build.0 = Debug|x64
		{52DE7E4D-F356-409D-A7DC-F6261EF5B23A}.Debug|x86.ActiveCfg = Debug|Win32
		{52DE7E4D-F356-409D-A7DC-F6261EF5B23A}.Debug|x86.Build.0 = Debug|Win32
		{52DE7E4D-F356-409D-A7DC-F6261EF5B23A}.Release|x64.ActiveCfg = Release|x64
		{52DE7E4D-F356-409D-A7DC-F6261EF5B23A}.Release|x64.Build.0 = Release|x64
		{52DE7E4D-F356-409D-A7DC-F6261EF5B23A}.Release|x86.ActiveCfg = Release|Win32
		{52DE7E4D-F356-409D-A7DC-F6261EF5B23A}.Release|x86.Build.0 = Release|Win32
	EndGlobalSection
	GlobalSection(SolutionProperties) = preSolution
		HideSolutionNode = FALSE
	EndGlobalSection
	GlobalSection(ExtensibilityGlobals) = postSolution
		SolutionGuid = {244972DC-7B55-43AF-B801-0E757CB93DCF}
	EndGlobalSection
EndGlobal
